
Microsoft Visual Studio Solution File, Format Version 12.00
# Visual Studio Version 17
VisualStudioVersion = 17.0.32112.339
MinimumVisualStudioVersion = 10.0.40219.1
Project("{FAE04EC0-301F-11D3-BF4B-00C04F79EFBC}") = "Cource", "Cource\Cource.csproj", "{60D2B84C-897F-44B3-B4A5-B58BACB4D1D5}"
EndProject
Global
	GlobalSection(SolutionConfigurationPlatforms) = preSolution
		Debug|Any CPU = Debug|Any CPU
		Release|Any CPU = Release|Any CPU
	EndGlobalSection
	GlobalSection(ProjectConfigurationPlatforms) = postSolution
		{60D2B84C-897F-44B3-B4A5-B58BACB4D1D5}.Debug|Any CPU.ActiveCfg = Debug|Any CPU
		{60D2B84C-897F-44B3-B4A5-B58BACB4D1D5}.Debug|Any CPU.Build.0 = Debug|Any CPU
		{60D2B84C-897F-44B3-B4A5-B58BACB4D1D5}.Release|Any CPU.ActiveCfg = Release|Any CPU
		{60D2B84C-897F-44B3-B4A5-B58BACB4D1D5}.Release|Any CPU.Build.0 = Release|Any CPU
	EndGlobalSection
	GlobalSection(SolutionProperties) = preSolution
		HideSolutionNode = FALSE
	EndGlobalSection
	GlobalSection(ExtensibilityGlobals) = postSolution
		SolutionGuid = {94C66F01-702E-41BB-A709-1BA00407DFED}
	EndGlobalSection
EndGlobal
